Microsoft Visual Studio Solution File, Format Version 12.00
# Visual Studio Version 17
VisualStudioVersion = 17.5.2.0
MinimumVisualStudioVersion = 10.0.40219.1
Project("{2150E333-8FDC-42A3-9474-1A3956D46DE8}") = "07-daemon", "07-daemon", "{04E20B79-3843-017C-12B7-9F04BE93A41C}"
EndProject
Project("{2150E333-8FDC-42A3-9474-1A3956D46DE8}") = "scripts", "scripts", "{39BCB14D-285D-4F37-00B5-48C28E880CC7}"
EndProject
Project("{FAE04EC0-301F-11D3-BF4B-00C04F79EFBC}") = "silent-shim", "07-daemon\scripts\silent-shim\silent-shim.csproj", "{28AA7AF5-39CC-71E3-72C6-1EB6A869AB6B}"
EndProject
Global
	GlobalSection(SolutionConfigurationPlatforms) = preSolution
		Debug|Any CPU = Debug|Any CPU
		Release|Any CPU = Release|Any CPU
	EndGlobalSection
	GlobalSection(ProjectConfigurationPlatforms) = postSolution
		{28AA7AF5-39CC-71E3-72C6-1EB6A869AB6B}.Debug|Any CPU.ActiveCfg = Debug|Any CPU
		{28AA7AF5-39CC-71E3-72C6-1EB6A869AB6B}.Debug|Any CPU.Build.0 = Debug|Any CPU
		{28AA7AF5-39CC-71E3-72C6-1EB6A869AB6B}.Release|Any CPU.ActiveCfg = Release|Any CPU
		{28AA7AF5-39CC-71E3-72C6-1EB6A869AB6B}.Release|Any CPU.Build.0 = Release|Any CPU
	EndGlobalSection
	GlobalSection(SolutionProperties) = preSolution
		HideSolutionNode = FALSE
	EndGlobalSection
	GlobalSection(NestedProjects) = preSolution
		{39BCB14D-285D-4F37-00B5-48C28E880CC7} = {04E20B79-3843-017C-12B7-9F04BE93A41C}
		{28AA7AF5-39CC-71E3-72C6-1EB6A869AB6B} = {39BCB14D-285D-4F37-00B5-48C28E880CC7}
	EndGlobalSection
	GlobalSection(ExtensibilityGlobals) = postSolution
		SolutionGuid = {FDF15781-F44F-4120-9A91-72B64C8EBB75}
	EndGlobalSection
EndGlobal
